
Microsoft Visual Studio Solution File, Format Version 12.00
# Visual Studio Version 16
VisualStudioVersion = 16.0.36422.26
MinimumVisualStudioVersion = 10.0.40219.1
Project("{2150E333-8FDC-42A3-9474-1A3956D46DE8}") = "Task0", "Task0", "{8C807C7F-124A-431A-A73B-EBE04C10F300}"
EndProject
Project("{FAE04EC0-301F-11D3-BF4B-00C04F79EFBC}") = "Tyuiu.LavrentevVA.Sprint0.Task0.V0", "Tyuiu.LavrentevVA.Sprint0.Task0.V0\Tyuiu.LavrentevVA.Sprint0.Task0.V0.csproj", "{35359F9E-95DA-4C0A-BC0F-4589A7BCFA8A}"
EndProject
Project("{2150E333-8FDC-42A3-9474-1A3956D46DE8}") = "Task1", "Task1", "{72194455-ECF1-4384-9BAB-C272DEA26713}"
EndProject
Project("{FAE04EC0-301F-11D3-BF4B-00C04F79EFBC}") = "Tyuiu.LavrentevVA.Sprint0.Task1.V0", "Tyuiu.LavrentevVA.Sprint0.Task1.V0\Tyuiu.LavrentevVA.Sprint0.Task1.V0.csproj", "{FF857C2C-1CAF-4248-AE5D-DFF3582D0A14}"
EndProject
Project("{2150E333-8FDC-42A3-9474-1A3956D46DE8}") = "Task2", "Task2", "{072E992D-A4EC-4E83-AD88-E49F82F19444}"
EndProject
Project("{FAE04EC0-301F-11D3-BF4B-00C04F79EFBC}") = "Tyuiu.LavrentevVA.Sprint0.Task2.V0", "Tyuiu.LavrentevVA.Sprint0.Task2.V0\Tyuiu.LavrentevVA.Sprint0.Task2.V0.csproj", "{EE2957F2-D6BD-4183-BD76-18B01CD9C0C2}"
EndProject
Project("{FAE04EC0-301F-11D3-BF4B-00C04F79EFBC}") = "Tyuiu.LavrentevVA.Sprint0.Task2.V0.Lib", "Tyuiu.LavrentevVA.Sprint0.Task2.V0.Lib\Tyuiu.LavrentevVA.Sprint0.Task2.V0.Lib.csproj", "{63D8F387-37D3-48C2-9B95-042DD3C1EDA9}"
EndProject
Project("{FAE04EC0-301F-11D3-BF4B-00C04F79EFBC}") = "Tyuiu.LavrentevVA.Sprint0.Task2.V0.Test", "Tyuiu.LavrentevVA.Sprint0.Task2.V0.Test\Tyuiu.LavrentevVA.Sprint0.Task2.V0.Test.csproj", "{B6980DAC-809F-4CCB-8CA7-5D6DFAAA19A4}"
EndProject
Project("{2150E333-8FDC-42A3-9474-1A3956D46DE8}") = "Task3", "Task3", "{B5D0A1DC-3055-4E90-8687-8FE85F14E42E}"
EndProject
Project("{FAE04EC0-301F-11D3-BF4B-00C04F79EFBC}") = "Tyuiu.LavrentevVA.Sprint0.Task3.V0", "Tyuiu.LavrentevVA.Sprint0.Task3.V0\Tyuiu.LavrentevVA.Sprint0.Task3.V0.csproj", "{C25AFFCB-7B40-444F-A221-BFEBFAE8F4E9}"
EndProject
Project("{FAE04EC0-301F-11D3-BF4B-00C04F79EFBC}") = "Tyuiu.LavrentevVA.Sprint0.Task3.V0.Lib", "Tyuiu.LavrentevVA.Sprint0.Task3.V0.Lib\Tyuiu.LavrentevVA.Sprint0.Task3.V0.Lib.csproj", "{C6CE1CE3-8AF4-4803-9C2A-D71F7FB3A64B}"
EndProject
Project("{FAE04EC0-301F-11D3-BF4B-00C04F79EFBC}") = "Tyuiu.LavrentevVA.Sprint0.Task3.V0.Test", "Tyuiu.LavrentevVA.Sprint0.Task3.V0.Test\Tyuiu.LavrentevVA.Sprint0.Task3.V0.Test.csproj", "{024EB877-96F8-4A77-9475-03BBD804518F}"
EndProject
Global
	GlobalSection(SolutionConfigurationPlatforms) = preSolution
		Debug|Any CPU = Debug|Any CPU
		Release|Any CPU = Release|Any CPU
	EndGlobalSection
	GlobalSection(ProjectConfigurationPlatforms) = postSolution
		{35359F9E-95DA-4C0A-BC0F-4589A7BCFA8A}.Debug|Any CPU.ActiveCfg = Debug|Any CPU
		{35359F9E-95DA-4C0A-BC0F-4589A7BCFA8A}.Debug|Any CPU.Build.0 = Debug|Any CPU
		{35359F9E-95DA-4C0A-BC0F-4589A7BCFA8A}.Release|Any CPU.ActiveCfg = Release|Any CPU
		{35359F9E-95DA-4C0A-BC0F-4589A7BCFA8A}.Release|Any CPU.Build.0 = Release|Any CPU
		{FF857C2C-1CAF-4248-AE5D-DFF3582D0A14}.Debug|Any CPU.ActiveCfg = Debug|Any CPU
		{FF857C2C-1CAF-4248-AE5D-DFF3582D0A14}.Debug|Any CPU.Build.0 = Debug|Any CPU
		{FF857C2C-1CAF-4248-AE5D-DFF3582D0A14}.Release|Any CPU.ActiveCfg = Release|Any CPU
		{FF857C2C-1CAF-4248-AE5D-DFF3582D0A14}.Release|Any CPU.Build.0 = Release|Any CPU
		{EE2957F2-D6BD-4183-BD76-18B01CD9C0C2}.Debug|Any CPU.ActiveCfg = Debug|Any CPU
		{EE2957F2-D6BD-4183-BD76-18B01CD9C0C2}.Debug|Any CPU.Build.0 = Debug|Any CPU
		{EE2957F2-D6BD-4183-BD76-18B01CD9C0C2}.Release|Any CPU.ActiveCfg = Release|Any CPU
		{EE2957F2-D6BD-4183-BD76-18B01CD9C0C2}.Release|Any CPU.Build.0 = Release|Any CPU
		{63D8F387-37D3-48C2-9B95-042DD3C1EDA9}.Debug|Any CPU.ActiveCfg = Debug|Any CPU
		{63D8F387-37D3-48C2-9B95-042DD3C1EDA9}.Debug|Any CPU.Build.0 = Debug|Any CPU
		{63D8F387-37D3-48C2-9B95-042DD3C1EDA9}.Release|Any CPU.ActiveCfg = Release|Any CPU
		{63D8F387-37D3-48C2-9B95-042DD3C1EDA9}.Release|Any CPU.Build.0 = Release|Any CPU
		{B6980DAC-809F-4CCB-8CA7-5D6DFAAA19A4}.Debug|Any CPU.ActiveCfg = Debug|Any CPU
		{B6980DAC-809F-4CCB-8CA7-5D6DFAAA19A4}.Debug|Any CPU.Build.0 = Debug|Any CPU
		{B6980DAC-809F-4CCB-8CA7-5D6DFAAA19A4}.Release|Any CPU.ActiveCfg = Release|Any CPU
		{B6980DAC-809F-4CCB-8CA7-5D6DFAAA19A4}.Release|Any CPU.Build.0 = Release|Any CPU
		{C25AFFCB-7B40-444F-A221-BFEBFAE8F4E9}.Debug|Any CPU.ActiveCfg = Debug|Any CPU
		{C25AFFCB-7B40-444F-A221-BFEBFAE8F4E9}.Debug|Any CPU.Build.0 = Debug|Any CPU
		{C25AFFCB-7B40-444F-A221-BFEBFAE8F4E9}.Release|Any CPU.ActiveCfg = Release|Any CPU
		{C25AFFCB-7B40-444F-A221-BFEBFAE8F4E9}.Release|Any CPU.Build.0 = Release|Any CPU
		{C6CE1CE3-8AF4-4803-9C2A-D71F7FB3A64B}.Debug|Any CPU.ActiveCfg = Debug|Any CPU
		{C6CE1CE3-8AF4-4803-9C2A-D71F7FB3A64B}.Debug|Any CPU.Build.0 = Debug|Any CPU
		{C6CE1CE3-8AF4-4803-9C2A-D71F7FB3A64B}.Release|Any CPU.ActiveCfg = Release|Any CPU
		{C6CE1CE3-8AF4-4803-9C2A-D71F7FB3A64B}.Release|Any CPU.Build.0 = Release|Any CPU
		{024EB877-96F8-4A77-9475-03BBD804518F}.Debug|Any CPU.ActiveCfg = Debug|Any CPU
		{024EB877-96F8-4A77-9475-03BBD804518F}.Debug|Any CPU.Build.0 = Debug|Any CPU
		{024EB877-96F8-4A77-9475-03BBD804518F}.Release|Any CPU.ActiveCfg = Release|Any CPU
		{024EB877-96F8-4A77-9475-03BBD804518F}.Release|Any CPU.Build.0 = Release|Any CPU
	EndGlobalSection
	GlobalSection(SolutionProperties) = preSolution
		HideSolutionNode = FALSE
	EndGlobalSection
	GlobalSection(NestedProjects) = preSolution
		{35359F9E-95DA-4C0A-BC0F-4589A7BCFA8A} = {8C807C7F-124A-431A-A73B-EBE04C10F300}
		{FF857C2C-1CAF-4248-AE5D-DFF3582D0A14} = {72194455-ECF1-4384-9BAB-C272DEA26713}
		{EE2957F2-D6BD-4183-BD76-18B01CD9C0C2} = {072E992D-A4EC-4E83-AD88-E49F82F19444}
		{63D8F387-37D3-48C2-9B95-042DD3C1EDA9} = {072E992D-A4EC-4E83-AD88-E49F82F19444}
		{B6980DAC-809F-4CCB-8CA7-5D6DFAAA19A4} = {072E992D-A4EC-4E83-AD88-E49F82F19444}
		{C25AFFCB-7B40-444F-A221-BFEBFAE8F4E9} = {B5D0A1DC-3055-4E90-8687-8FE85F14E42E}
		{C6CE1CE3-8AF4-4803-9C2A-D71F7FB3A64B} = {B5D0A1DC-3055-4E90-8687-8FE85F14E42E}
		{024EB877-96F8-4A77-9475-03BBD804518F} = {B5D0A1DC-3055-4E90-8687-8FE85F14E42E}
	EndGlobalSection
	GlobalSection(ExtensibilityGlobals) = postSolution
		SolutionGuid = {33CECF0E-87F3-45E9-A7A1-17C9E40B6A07}
	EndGlobalSection
EndGlobal
