
Microsoft Visual Studio Solution File, Format Version 12.00
# Visual Studio Version 16
VisualStudioVersion = 16.0.36422.26
MinimumVisualStudioVersion = 10.0.40219.1
Project("{2150E333-8FDC-42A3-9474-1A3956D46DE8}") = "Task0", "Task0", "{8C807C7F-124A-431A-A73B-EBE04C10F300}"
EndProject
Project("{FAE04EC0-301F-11D3-BF4B-00C04F79EFBC}") = "Tyuiu.LavrentevVA.Sprint0.Task0.V0", "Tyuiu.LavrentevVA.Sprint0.Task0.V0\Tyuiu.LavrentevVA.Sprint0.Task0.V0.csproj", "{35359F9E-95DA-4C0A-BC0F-4589A7BCFA8A}"
EndProject
Project("{2150E333-8FDC-42A3-9474-1A3956D46DE8}") = "Task1", "Task1", "{72194455-ECF1-4384-9BAB-C272DEA26713}"
EndProject
Project("{FAE04EC0-301F-11D3-BF4B-00C04F79EFBC}") = "Tyuiu.LavrentevVA.Sprint0.Task1.V0", "Tyuiu.LavrentevVA.Sprint0.Task1.V0\Tyuiu.LavrentevVA.Sprint0.Task1.V0.csproj", "{FF857C2C-1CAF-4248-AE5D-DFF3582D0A14}"
EndProject
Project("{2150E333-8FDC-42A3-9474-1A3956D46DE8}") = "Task2", "Task2", "{072E992D-A4EC-4E83-AD88-E49F82F19444}"
EndProject
Project("{FAE04EC0-301F-11D3-BF4B-00C04F79EFBC}") = "Tyuiu.LavrentevVA.Sprint0.Task2.V0", "Tyuiu.LavrentevVA.Sprint0.Task2.V0\Tyuiu.LavrentevVA.Sprint0.Task2.V0.csproj", "{EE2957F2-D6BD-4183-BD76-18B01CD9C0C2}"
EndProject
Project("{FAE04EC0-301F-11D3-BF4B-00C04F79EFBC}") = "Tyuiu.LavrentevVA.Sprint0.Task2.V0.Lib", "Tyuiu.LavrentevVA.Sprint0.Task2.V0.Lib\Tyuiu.LavrentevVA.Sprint0.Task2.V0.Lib.csproj", "{63D8F387-37D3-48C2-9B95-042DD3C1EDA9}"
EndProject
Project("{FAE04EC0-301F-11D3-BF4B-00C04F79EFBC}") = "Tyuiu.LavrentevVA.Sprint0.Task2.V0.Test", "Tyuiu.LavrentevVA.Sprint0.Task2.V0.Test\Tyuiu.LavrentevVA.Sprint0.Task2.V0.Test.csproj", "{B6980DAC-809F-4CCB-8CA7-5D6DFAAA19A4}"
EndProject
Project("{2150E333-8FDC-42A3-9474-1A3956D46DE8}") = "Task3", "Task3", "{B5D0A1DC-3055-4E90-8687-8FE85F14E42E}"
EndProject
Project("{FAE04EC0-301F-11D3-BF4B-00C04F79EFBC}") = "Tyuiu.LavrentevVA.Sprint0.Task3.V0", "Tyuiu.LavrentevVA.Sprint0.Task3.V0\Tyuiu.LavrentevVA.Sprint0.Task3.V0.csproj", "{C25AFFCB-7B40-444F-A221-BFEBFAE8F4E9}"
EndProject
Project("{FAE04EC0-301F-11D3-BF4B-00C04F79EFBC}") = "Tyuiu.LavrentevVA.Sprint0.Task3.V0.Lib", "Tyuiu.LavrentevVA.Sprint0.Task3.V0.Lib\Tyuiu.LavrentevVA.Sprint0.Task3.V0.Lib.csproj", "{C6CE1CE3-8AF4-4803-9C2A-D71F7FB3A64B}"
EndProject
Project("{FAE04EC0-301F-11D3-BF4B-00C04F79EFBC}") = "Tyuiu.LavrentevVA.Sprint0.Task3.V0.Test", "Tyuiu.LavrentevVA.Sprint0.Task3.V0.Test\Tyuiu.LavrentevVA.Sprint0.Task3.V0.Test.csproj", "{024EB877-96F8-4A77-9475-03BBD804518F}"
EndProject
Project("{2150E333-8FDC-42A3-9474-1A3956D46DE8}") = "Task4", "Task4", "{39E643D5-A353-4983-BBD2-4195A64F98F5}"
EndProject
Project("{FAE04EC0-301F-11D3-BF4B-00C04F79EFBC}") = "Tyuiu.LavrentevVA.Sprin0.Task4.V0.Lib", "Tyuiu.LavrenvVA.Sprin0.Task4.V0.Lib\Tyuiu.LavrentevVA.Sprin0.Task4.V0.Lib.csproj", "{B0A68F80-CF64-469B-B848-C8DE33BC40ED}"
EndProject
Project("{FAE04EC0-301F-11D3-BF4B-00C04F79EFBC}") = "Tyuiu.LavrentevVA.Sprin0.Task4.V0.Test", "Tyuiu.LavrenvVA.Sprin0.Task4.V0.Test\Tyuiu.LavrentevVA.Sprin0.Task4.V0.Test.csproj", "{205F2DB3-5975-48E1-837D-1152A4F8008C}"
EndProject
Project("{FAE04EC0-301F-11D3-BF4B-00C04F79EFBC}") = "Tyuiu.LavrentevVA.Sprin0.Task4.V0", "Tyuiu.LavrenvVA.Sprin0.Task4.V0\Tyuiu.LavrentevVA.Sprin0.Task4.V0.csproj", "{9E719722-8204-4D29-8EE4-B53347352F54}"
EndProject
Project("{2150E333-8FDC-42A3-9474-1A3956D46DE8}") = "Task5", "Task5", "{358A8F01-0554-4231-AE5D-538DE5DB9955}"
EndProject
Project("{FAE04EC0-301F-11D3-BF4B-00C04F79EFBC}") = "Tyuiu.LavrentevVA.Sprint0.Task5.V0", "Tyuiu.LavrentevVA.Sprint0.Task5.V0\Tyuiu.LavrentevVA.Sprint0.Task5.V0.csproj", "{7A2D89FE-096E-4D79-90C9-663D72B3560E}"
EndProject
Project("{FAE04EC0-301F-11D3-BF4B-00C04F79EFBC}") = "Tyuiu.LavrentevVA.Sprint0.Task5.V0.Test", "Tyuiu.LavrentevVA.Sprint0.Task5.V0.Test\Tyuiu.LavrentevVA.Sprint0.Task5.V0.Test.csproj", "{AF6E5A3A-AEA6-469A-ABB3-DD022DEFEA45}"
EndProject
Project("{FAE04EC0-301F-11D3-BF4B-00C04F79EFBC}") = "Tyuiu.LavrentevVA.Sprint0.Task5.V0.Lib", "Tyuiu.LavrentevVA.Sprint0.Task5.V0.Lib\Tyuiu.LavrentevVA.Sprint0.Task5.V0.Lib.csproj", "{D0E6C929-9C46-47DF-933B-1DFC07A0F361}"
EndProject
Project("{2150E333-8FDC-42A3-9474-1A3956D46DE8}") = "Task6", "Task6", "{C8CE43BE-9AA7-480C-94E8-8E07F4FCC2CD}"
EndProject
Project("{FAE04EC0-301F-11D3-BF4B-00C04F79EFBC}") = "Tyuiu.LavrentevVA.Sprint0.Task6.V0", "Tyuiu.LavrentevVA.Sprint0.Task6.V0\Tyuiu.LavrentevVA.Sprint0.Task6.V0.csproj", "{941E7638-D6DA-45C7-8211-3C76E25FA727}"
EndProject
Project("{FAE04EC0-301F-11D3-BF4B-00C04F79EFBC}") = "Tyuiu.LavrentevVA.Sprint0.Task6.V0.Lib", "Tyuiu.LavrentevVA.Sprint0.Task6.V0.Lib\Tyuiu.LavrentevVA.Sprint0.Task6.V0.Lib.csproj", "{17AEB2F4-3AA7-488D-92CF-45F08151FA3A}"
EndProject
Project("{FAE04EC0-301F-11D3-BF4B-00C04F79EFBC}") = "Tyuiu.LavrentevVA.Sprint0.Task6.V0.Test", "Tyuiu.LavrentevVA.Sprint0.Task6.V0.Test\Tyuiu.LavrentevVA.Sprint0.Task6.V0.Test.csproj", "{8AF9BD40-AC1B-4A42-A752-909D40BEA676}"
EndProject
Global
	GlobalSection(SolutionConfigurationPlatforms) = preSolution
		Debug|Any CPU = Debug|Any CPU
		Release|Any CPU = Release|Any CPU
	EndGlobalSection
	GlobalSection(ProjectConfigurationPlatforms) = postSolution
		{35359F9E-95DA-4C0A-BC0F-4589A7BCFA8A}.Debug|Any CPU.ActiveCfg = Debug|Any CPU
		{35359F9E-95DA-4C0A-BC0F-4589A7BCFA8A}.Debug|Any CPU.Build.0 = Debug|Any CPU
		{35359F9E-95DA-4C0A-BC0F-4589A7BCFA8A}.Release|Any CPU.ActiveCfg = Release|Any CPU
		{35359F9E-95DA-4C0A-BC0F-4589A7BCFA8A}.Release|Any CPU.Build.0 = Release|Any CPU
		{FF857C2C-1CAF-4248-AE5D-DFF3582D0A14}.Debug|Any CPU.ActiveCfg = Debug|Any CPU
		{FF857C2C-1CAF-4248-AE5D-DFF3582D0A14}.Debug|Any CPU.Build.0 = Debug|Any CPU
		{FF857C2C-1CAF-4248-AE5D-DFF3582D0A14}.Release|Any CPU.ActiveCfg = Release|Any CPU
		{FF857C2C-1CAF-4248-AE5D-DFF3582D0A14}.Release|Any CPU.Build.0 = Release|Any CPU
		{EE2957F2-D6BD-4183-BD76-18B01CD9C0C2}.Debug|Any CPU.ActiveCfg = Debug|Any CPU
		{EE2957F2-D6BD-4183-BD76-18B01CD9C0C2}.Debug|Any CPU.Build.0 = Debug|Any CPU
		{EE2957F2-D6BD-4183-BD76-18B01CD9C0C2}.Release|Any CPU.ActiveCfg = Release|Any CPU
		{EE2957F2-D6BD-4183-BD76-18B01CD9C0C2}.Release|Any CPU.Build.0 = Release|Any CPU
		{63D8F387-37D3-48C2-9B95-042DD3C1EDA9}.Debug|Any CPU.ActiveCfg = Debug|Any CPU
		{63D8F387-37D3-48C2-9B95-042DD3C1EDA9}.Debug|Any CPU.Build.0 = Debug|Any CPU
		{63D8F387-37D3-48C2-9B95-042DD3C1EDA9}.Release|Any CPU.ActiveCfg = Release|Any CPU
		{63D8F387-37D3-48C2-9B95-042DD3C1EDA9}.Release|Any CPU.Build.0 = Release|Any CPU
		{B6980DAC-809F-4CCB-8CA7-5D6DFAAA19A4}.Debug|Any CPU.ActiveCfg = Debug|Any CPU
		{B6980DAC-809F-4CCB-8CA7-5D6DFAAA19A4}.Debug|Any CPU.Build.0 = Debug|Any CPU
		{B6980DAC-809F-4CCB-8CA7-5D6DFAAA19A4}.Release|Any CPU.ActiveCfg = Release|Any CPU
		{B6980DAC-809F-4CCB-8CA7-5D6DFAAA19A4}.Release|Any CPU.Build.0 = Release|Any CPU
		{C25AFFCB-7B40-444F-A221-BFEBFAE8F4E9}.Debug|Any CPU.ActiveCfg = Debug|Any CPU
		{C25AFFCB-7B40-444F-A221-BFEBFAE8F4E9}.Debug|Any CPU.Build.0 = Debug|Any CPU
		{C25AFFCB-7B40-444F-A221-BFEBFAE8F4E9}.Release|Any CPU.ActiveCfg = Release|Any CPU
		{C25AFFCB-7B40-444F-A221-BFEBFAE8F4E9}.Release|Any CPU.Build.0 = Release|Any CPU
		{C6CE1CE3-8AF4-4803-9C2A-D71F7FB3A64B}.Debug|Any CPU.ActiveCfg = Debug|Any CPU
		{C6CE1CE3-8AF4-4803-9C2A-D71F7FB3A64B}.Debug|Any CPU.Build.0 = Debug|Any CPU
		{C6CE1CE3-8AF4-4803-9C2A-D71F7FB3A64B}.Release|Any CPU.ActiveCfg = Release|Any CPU
		{C6CE1CE3-8AF4-4803-9C2A-D71F7FB3A64B}.Release|Any CPU.Build.0 = Release|Any CPU
		{024EB877-96F8-4A77-9475-03BBD804518F}.Debug|Any CPU.ActiveCfg = Debug|Any CPU
		{024EB877-96F8-4A77-9475-03BBD804518F}.Debug|Any CPU.Build.0 = Debug|Any CPU
		{024EB877-96F8-4A77-9475-03BBD804518F}.Release|Any CPU.ActiveCfg = Release|Any CPU
		{024EB877-96F8-4A77-9475-03BBD804518F}.Release|Any CPU.Build.0 = Release|Any CPU
		{B0A68F80-CF64-469B-B848-C8DE33BC40ED}.Debug|Any CPU.ActiveCfg = Debug|Any CPU
		{B0A68F80-CF64-469B-B848-C8DE33BC40ED}.Debug|Any CPU.Build.0 = Debug|Any CPU
		{B0A68F80-CF64-469B-B848-C8DE33BC40ED}.Release|Any CPU.ActiveCfg = Release|Any CPU
		{B0A68F80-CF64-469B-B848-C8DE33BC40ED}.Release|Any CPU.Build.0 = Release|Any CPU
		{205F2DB3-5975-48E1-837D-1152A4F8008C}.Debug|Any CPU.ActiveCfg = Debug|Any CPU
		{205F2DB3-5975-48E1-837D-1152A4F8008C}.Debug|Any CPU.Build.0 = Debug|Any CPU
		{205F2DB3-5975-48E1-837D-1152A4F8008C}.Release|Any CPU.ActiveCfg = Release|Any CPU
		{205F2DB3-5975-48E1-837D-1152A4F8008C}.Release|Any CPU.Build.0 = Release|Any CPU
		{9E719722-8204-4D29-8EE4-B53347352F54}.Debug|Any CPU.ActiveCfg = Debug|Any CPU
		{9E719722-8204-4D29-8EE4-B53347352F54}.Debug|Any CPU.Build.0 = Debug|Any CPU
		{9E719722-8204-4D29-8EE4-B53347352F54}.Release|Any CPU.ActiveCfg = Release|Any CPU
		{9E719722-8204-4D29-8EE4-B53347352F54}.Release|Any CPU.Build.0 = Release|Any CPU
		{7A2D89FE-096E-4D79-90C9-663D72B3560E}.Debug|Any CPU.ActiveCfg = Debug|Any CPU
		{7A2D89FE-096E-4D79-90C9-663D72B3560E}.Debug|Any CPU.Build.0 = Debug|Any CPU
		{7A2D89FE-096E-4D79-90C9-663D72B3560E}.Release|Any CPU.ActiveCfg = Release|Any CPU
		{7A2D89FE-096E-4D79-90C9-663D72B3560E}.Release|Any CPU.Build.0 = Release|Any CPU
		{AF6E5A3A-AEA6-469A-ABB3-DD022DEFEA45}.Debug|Any CPU.ActiveCfg = Debug|Any CPU
		{AF6E5A3A-AEA6-469A-ABB3-DD022DEFEA45}.Debug|Any CPU.Build.0 = Debug|Any CPU
		{AF6E5A3A-AEA6-469A-ABB3-DD022DEFEA45}.Release|Any CPU.ActiveCfg = Release|Any CPU
		{AF6E5A3A-AEA6-469A-ABB3-DD022DEFEA45}.Release|Any CPU.Build.0 = Release|Any CPU
		{D0E6C929-9C46-47DF-933B-1DFC07A0F361}.Debug|Any CPU.ActiveCfg = Debug|Any CPU
		{D0E6C929-9C46-47DF-933B-1DFC07A0F361}.Debug|Any CPU.Build.0 = Debug|Any CPU
		{D0E6C929-9C46-47DF-933B-1DFC07A0F361}.Release|Any CPU.ActiveCfg = Release|Any CPU
		{D0E6C929-9C46-47DF-933B-1DFC07A0F361}.Release|Any CPU.Build.0 = Release|Any CPU
		{941E7638-D6DA-45C7-8211-3C76E25FA727}.Debug|Any CPU.ActiveCfg = Debug|Any CPU
		{941E7638-D6DA-45C7-8211-3C76E25FA727}.Debug|Any CPU.Build.0 = Debug|Any CPU
		{941E7638-D6DA-45C7-8211-3C76E25FA727}.Release|Any CPU.ActiveCfg = Release|Any CPU
		{941E7638-D6DA-45C7-8211-3C76E25FA727}.Release|Any CPU.Build.0 = Release|Any CPU
		{17AEB2F4-3AA7-488D-92CF-45F08151FA3A}.Debug|Any CPU.ActiveCfg = Debug|Any CPU
		{17AEB2F4-3AA7-488D-92CF-45F08151FA3A}.Debug|Any CPU.Build.0 = Debug|Any CPU
		{17AEB2F4-3AA7-488D-92CF-45F08151FA3A}.Release|Any CPU.ActiveCfg = Release|Any CPU
		{17AEB2F4-3AA7-488D-92CF-45F08151FA3A}.Release|Any CPU.Build.0 = Release|Any CPU
		{8AF9BD40-AC1B-4A42-A752-909D40BEA676}.Debug|Any CPU.ActiveCfg = Debug|Any CPU
		{8AF9BD40-AC1B-4A42-A752-909D40BEA676}.Debug|Any CPU.Build.0 = Debug|Any CPU
		{8AF9BD40-AC1B-4A42-A752-909D40BEA676}.Release|Any CPU.ActiveCfg = Release|Any CPU
		{8AF9BD40-AC1B-4A42-A752-909D40BEA676}.Release|Any CPU.Build.0 = Release|Any CPU
	EndGlobalSection
	GlobalSection(SolutionProperties) = preSolution
		HideSolutionNode = FALSE
	EndGlobalSection
	GlobalSection(NestedProjects) = preSolution
		{35359F9E-95DA-4C0A-BC0F-4589A7BCFA8A} = {8C807C7F-124A-431A-A73B-EBE04C10F300}
		{FF857C2C-1CAF-4248-AE5D-DFF3582D0A14} = {72194455-ECF1-4384-9BAB-C272DEA26713}
		{EE2957F2-D6BD-4183-BD76-18B01CD9C0C2} = {072E992D-A4EC-4E83-AD88-E49F82F19444}
		{63D8F387-37D3-48C2-9B95-042DD3C1EDA9} = {072E992D-A4EC-4E83-AD88-E49F82F19444}
		{B6980DAC-809F-4CCB-8CA7-5D6DFAAA19A4} = {072E992D-A4EC-4E83-AD88-E49F82F19444}
		{C25AFFCB-7B40-444F-A221-BFEBFAE8F4E9} = {B5D0A1DC-3055-4E90-8687-8FE85F14E42E}
		{C6CE1CE3-8AF4-4803-9C2A-D71F7FB3A64B} = {B5D0A1DC-3055-4E90-8687-8FE85F14E42E}
		{024EB877-96F8-4A77-9475-03BBD804518F} = {B5D0A1DC-3055-4E90-8687-8FE85F14E42E}
		{B0A68F80-CF64-469B-B848-C8DE33BC40ED} = {39E643D5-A353-4983-BBD2-4195A64F98F5}
		{205F2DB3-5975-48E1-837D-1152A4F8008C} = {39E643D5-A353-4983-BBD2-4195A64F98F5}
		{9E719722-8204-4D29-8EE4-B53347352F54} = {39E643D5-A353-4983-BBD2-4195A64F98F5}
		{7A2D89FE-096E-4D79-90C9-663D72B3560E} = {358A8F01-0554-4231-AE5D-538DE5DB9955}
		{AF6E5A3A-AEA6-469A-ABB3-DD022DEFEA45} = {358A8F01-0554-4231-AE5D-538DE5DB9955}
		{D0E6C929-9C46-47DF-933B-1DFC07A0F361} = {358A8F01-0554-4231-AE5D-538DE5DB9955}
		{941E7638-D6DA-45C7-8211-3C76E25FA727} = {C8CE43BE-9AA7-480C-94E8-8E07F4FCC2CD}
		{17AEB2F4-3AA7-488D-92CF-45F08151FA3A} = {C8CE43BE-9AA7-480C-94E8-8E07F4FCC2CD}
		{8AF9BD40-AC1B-4A42-A752-909D40BEA676} = {C8CE43BE-9AA7-480C-94E8-8E07F4FCC2CD}
	EndGlobalSection
	GlobalSection(ExtensibilityGlobals) = postSolution
		SolutionGuid = {33CECF0E-87F3-45E9-A7A1-17C9E40B6A07}
	EndGlobalSection
EndGlobal
