
Microsoft Visual Studio Solution File, Format Version 12.00
# Visual Studio Version 16
VisualStudioVersion = 16.0.36422.26
MinimumVisualStudioVersion = 10.0.40219.1
Project("{2150E333-8FDC-42A3-9474-1A3956D46DE8}") = "Task0", "Task0", "{8C807C7F-124A-431A-A73B-EBE04C10F300}"
EndProject
Project("{FAE04EC0-301F-11D3-BF4B-00C04F79EFBC}") = "Tyuiu.LavrentevVA.Sprint0.Task0.V0", "Tyuiu.LavrentevVA.Sprint0.Task0.V0\Tyuiu.LavrentevVA.Sprint0.Task0.V0.csproj", "{35359F9E-95DA-4C0A-BC0F-4589A7BCFA8A}"
EndProject
Project("{2150E333-8FDC-42A3-9474-1A3956D46DE8}") = "Task1", "Task1", "{72194455-ECF1-4384-9BAB-C272DEA26713}"
EndProject
Project("{FAE04EC0-301F-11D3-BF4B-00C04F79EFBC}") = "Tyuiu.LavrentevVA.Sprint0.Task1.V0", "Tyuiu.LavrentevVA.Sprint0.Task1.V0\Tyuiu.LavrentevVA.Sprint0.Task1.V0.csproj", "{FF857C2C-1CAF-4248-AE5D-DFF3582D0A14}"
EndProject
Global
	GlobalSection(SolutionConfigurationPlatforms) = preSolution
		Debug|Any CPU = Debug|Any CPU
		Release|Any CPU = Release|Any CPU
	EndGlobalSection
	GlobalSection(ProjectConfigurationPlatforms) = postSolution
		{35359F9E-95DA-4C0A-BC0F-4589A7BCFA8A}.Debug|Any CPU.ActiveCfg = Debug|Any CPU
		{35359F9E-95DA-4C0A-BC0F-4589A7BCFA8A}.Debug|Any CPU.Build.0 = Debug|Any CPU
		{35359F9E-95DA-4C0A-BC0F-4589A7BCFA8A}.Release|Any CPU.ActiveCfg = Release|Any CPU
		{35359F9E-95DA-4C0A-BC0F-4589A7BCFA8A}.Release|Any CPU.Build.0 = Release|Any CPU
		{FF857C2C-1CAF-4248-AE5D-DFF3582D0A14}.Debug|Any CPU.ActiveCfg = Debug|Any CPU
		{FF857C2C-1CAF-4248-AE5D-DFF3582D0A14}.Debug|Any CPU.Build.0 = Debug|Any CPU
		{FF857C2C-1CAF-4248-AE5D-DFF3582D0A14}.Release|Any CPU.ActiveCfg = Release|Any CPU
		{FF857C2C-1CAF-4248-AE5D-DFF3582D0A14}.Release|Any CPU.Build.0 = Release|Any CPU
	EndGlobalSection
	GlobalSection(SolutionProperties) = preSolution
		HideSolutionNode = FALSE
	EndGlobalSection
	GlobalSection(NestedProjects) = preSolution
		{35359F9E-95DA-4C0A-BC0F-4589A7BCFA8A} = {8C807C7F-124A-431A-A73B-EBE04C10F300}
		{FF857C2C-1CAF-4248-AE5D-DFF3582D0A14} = {72194455-ECF1-4384-9BAB-C272DEA26713}
	EndGlobalSection
	GlobalSection(ExtensibilityGlobals) = postSolution
		SolutionGuid = {33CECF0E-87F3-45E9-A7A1-17C9E40B6A07}
	EndGlobalSection
EndGlobal
